
Microsoft Visual Studio Solution File, Format Version 12.00
# Visual Studio Version 16
VisualStudioVersion = 16.0.30804.86
MinimumVisualStudioVersion = 10.0.40219.1
Project("{888888A0-9F3D-457C-B088-3A5042F75D52}") = "e program", "e program\e program.pyproj", "{A5E19ECF-51FB-4D5F-8EF5-6A415FEA7023}"
EndProject
Project("{888888A0-9F3D-457C-B088-3A5042F75D52}") = "PythonApplication1", "..\..\..\source\repos\PythonApplication1\PythonApplication1\PythonApplication1.pyproj", "{4883F4D3-0CAD-419A-8252-B2844F29ACB7}"
EndProject
Global
	GlobalSection(SolutionConfigurationPlatforms) = preSolution
		Debug|Any CPU = Debug|Any CPU
		Release|Any CPU = Release|Any CPU
	EndGlobalSection
	GlobalSection(ProjectConfigurationPlatforms) = postSolution
		{A5E19ECF-51FB-4D5F-8EF5-6A415FEA7023}.Debug|Any CPU.ActiveCfg = Debug|Any CPU
		{A5E19ECF-51FB-4D5F-8EF5-6A415FEA7023}.Release|Any CPU.ActiveCfg = Release|Any CPU
		{4883F4D3-0CAD-419A-8252-B2844F29ACB7}.Debug|Any CPU.ActiveCfg = Debug|Any CPU
		{4883F4D3-0CAD-419A-8252-B2844F29ACB7}.Release|Any CPU.ActiveCfg = Release|Any CPU
	EndGlobalSection
	GlobalSection(SolutionProperties) = preSolution
		HideSolutionNode = FALSE
	EndGlobalSection
	GlobalSection(ExtensibilityGlobals) = postSolution
		SolutionGuid = {6EDD877C-DED1-4DFA-B425-EFBE6A59BABF}
	EndGlobalSection
EndGlobal
